// !$*UTF8*$!
{
	archiveVersion = 1;
	classes = {
	};
	objectVersion = 50;
	objects = {

/* Begin PBXBuildFile section */
		8CB64C7C24808CEC007C07F2 /* AppDelegate.swift in Sources */ = {isa = PBXBuildFile; fileRef = 8CB64C7B24808CEC007C07F2 /* AppDelegate.swift */; };
		8CB64C7E24808CEC007C07F2 /* SceneDelegate.swift in Sources */ = {isa = PBXBuildFile; fileRef = 8CB64C7D24808CEC007C07F2 /* SceneDelegate.swift */; };
		8CB64C8024808CEC007C07F2 /* ContentView.swift in Sources */ = {isa = PBXBuildFile; fileRef = 8CB64C7F24808CEC007C07F2 /* ContentView.swift */; };
		8CB64C8224808CED007C07F2 /* Assets.xcassets in Resources */ = {isa = PBXBuildFile; fileRef = 8CB64C8124808CED007C07F2 /* Assets.xcassets */; };
		8CB64C8524808CED007C07F2 /* Preview Assets.xcassets in Resources */ = {isa = PBXBuildFile; fileRef = 8CB64C8424808CED007C07F2 /* Preview Assets.xcassets */; };
		8CB64C8824808CED007C07F2 /* LaunchScreen.storyboard in Resources */ = {isa = PBXBuildFile; fileRef = 8CB64C8624808CED007C07F2 /* LaunchScreen.storyboard */; };
		8CB64C9324808CEE007C07F2 /* DateFormattingTests.swift in Sources */ = {isa = PBXBuildFile; fileRef = 8CB64C9224808CEE007C07F2 /* DateFormattingTests.swift */; };
		8CB64C9E24808CEE007C07F2 /* DateFormattingUITests.swift in Sources */ = {isa = PBXBuildFile; fileRef = 8CB64C9D24808CEE007C07F2 /* DateFormattingUITests.swift */; };
/* End PBXBuildFile section */

/* Begin PBXContainerItemProxy section */
		8CB64C8F24808CEE007C07F2 /* PBXContainerItemProxy */ = {
			isa = PBXContainerItemProxy;
			containerPortal = 8CB64C7024808CEC007C07F2 /* Project object */;
			proxyType = 1;
			remoteGlobalIDString = 8CB64C7724808CEC007C07F2;
			remoteInfo = DateFormatting;
		};
		8CB64C9A24808CEE007C07F2 /* PBXContainerItemProxy */ = {
			isa = PBXContainerItemProxy;
			containerPortal = 8CB64C7024808CEC007C07F2 /* Project object */;
			proxyType = 1;
			remoteGlobalIDString = 8CB64C7724808CEC007C07F2;
			remoteInfo = DateFormatting;
		};
/* End PBXContainerItemProxy section */

/* Begin PBXFileReference section */
		8CB64C7824808CEC007C07F2 /* DateFormatting.app */ = {isa = PBXFileReference; explicitFileType = wrapper.application; includeInIndex = 0; path = DateFormatting.app; sourceTree = BUILT_PRODUCTS_DIR; };
		8CB64C7B24808CEC007C07F2 /* AppDelegate.swift */ = {isa = PBXFileReference; lastKnownFileType = sourcecode.swift; path = AppDelegate.swift; sourceTree = "<group>"; };
		8CB64C7D24808CEC007C07F2 /* SceneDelegate.swift */ = {isa = PBXFileReference; lastKnownFileType = sourcecode.swift; path = SceneDelegate.swift; sourceTree = "<group>"; };
		8CB64C7F24808CEC007C07F2 /* ContentView.swift */ = {isa = PBXFileReference; lastKnownFileType = sourcecode.swift; path = ContentView.swift; sourceTree = "<group>"; };
		8CB64C8124808CED007C07F2 /* Assets.xcassets */ = {isa = PBXFileReference; lastKnownFileType = folder.assetcatalog; path = Assets.xcassets; sourceTree = "<group>"; };
		8CB64C8424808CED007C07F2 /* Preview Assets.xcassets */ = {isa = PBXFileReference; lastKnownFileType = folder.assetcatalog; path = "Preview Assets.xcassets"; sourceTree = "<group>"; };
		8CB64C8724808CED007C07F2 /* Base */ = {isa = PBXFileReference; lastKnownFileType = file.storyboard; name = Base; path = Base.lproj/LaunchScreen.storyboard; sourceTree = "<group>"; };
		8CB64C8924808CED007C07F2 /* Info.plist */ = {isa = PBXFileReference; lastKnownFileType = text.plist.xml; path = Info.plist; sourceTree = "<group>"; };
		8CB64C8E24808CEE007C07F2 /* DateFormattingTests.xctest */ = {isa = PBXFileReference; explicitFileType = wrapper.cfbundle; includeInIndex = 0; path = DateFormattingTests.xctest; sourceTree = BUILT_PRODUCTS_DIR; };
		8CB64C9224808CEE007C07F2 /* DateFormattingTests.swift */ = {isa = PBXFileReference; lastKnownFileType = sourcecode.swift; path = DateFormattingTests.swift; sourceTree = "<group>"; };
		8CB64C9424808CEE007C07F2 /* Info.plist */ = {isa = PBXFileReference; lastKnownFileType = text.plist.xml; path = Info.plist; sourceTree = "<group>"; };
		8CB64C9924808CEE007C07F2 /* DateFormattingUITests.xctest */ = {isa = PBXFileReference; explicitFileType = wrapper.cfbundle; includeInIndex = 0; path = DateFormattingUITests.xctest; sourceTree = BUILT_PRODUCTS_DIR; };
		8CB64C9D24808CEE007C07F2 /* DateFormattingUITests.swift */ = {isa = PBXFileReference; lastKnownFileType = sourcecode.swift; path = DateFormattingUITests.swift; sourceTree = "<group>"; };
		8CB64C9F24808CEE007C07F2 /* Info.plist */ = {isa = PBXFileReference; lastKnownFileType = text.plist.xml; path = Info.plist; sourceTree = "<group>"; };
/* End PBXFileReference section */

/* Begin PBXFrameworksBuildPhase section */
		8CB64C7524808CEC007C07F2 /* Frameworks */ = {
			isa = PBXFrameworksBuildPhase;
			buildActionMask = 2147483647;
			files = (
			);
			runOnlyForDeploymentPostprocessing = 0;
		};
		8CB64C8B24808CEE007C07F2 /* Frameworks */ = {
			isa = PBXFrameworksBuildPhase;
			buildActionMask = 2147483647;
			files = (
			);
			runOnlyForDeploymentPostprocessing = 0;
		};
		8CB64C9624808CEE007C07F2 /* Frameworks */ = {
			isa = PBXFrameworksBuildPhase;
			buildActionMask = 2147483647;
			files = (
			);
			runOnlyForDeploymentPostprocessing = 0;
		};
/* End PBXFrameworksBuildPhase section */

/* Begin PBXGroup section */
		8CB64C6F24808CEC007C07F2 = {
			isa = PBXGroup;
			children = (
				8CB64C7A24808CEC007C07F2 /* DateFormatting */,
				8CB64C9124808CEE007C07F2 /* DateFormattingTests */,
				8CB64C9C24808CEE007C07F2 /* DateFormattingUITests */,
				8CB64C7924808CEC007C07F2 /* Products */,
			);
			sourceTree = "<group>";
		};
		8CB64C7924808CEC007C07F2 /* Products */ = {
			isa = PBXGroup;
			children = (
				8CB64C7824808CEC007C07F2 /* DateFormatting.app */,
				8CB64C8E24808CEE007C07F2 /* DateFormattingTests.xctest */,
				8CB64C9924808CEE007C07F2 /* DateFormattingUITests.xctest */,
			);
			name = Products;
			sourceTree = "<group>";
		};
		8CB64C7A24808CEC007C07F2 /* DateFormatting */ = {
			isa = PBXGroup;
			children = (
				8CB64C7B24808CEC007C07F2 /* AppDelegate.swift */,
				8CB64C7D24808CEC007C07F2 /* SceneDelegate.swift */,
				8CB64C7F24808CEC007C07F2 /* ContentView.swift */,
				8CB64C8124808CED007C07F2 /* Assets.xcassets */,
				8CB64C8624808CED007C07F2 /* LaunchScreen.storyboard */,
				8CB64C8924808CED007C07F2 /* Info.plist */,
				8CB64C8324808CED007C07F2 /* Preview Content */,
			);
			path = DateFormatting;
			sourceTree = "<group>";
		};
		8CB64C8324808CED007C07F2 /* Preview Content */ = {
			isa = PBXGroup;
			children = (
				8CB64C8424808CED007C07F2 /* Preview Assets.xcassets */,
			);
			path = "Preview Content";
			sourceTree = "<group>";
		};
		8CB64C9124808CEE007C07F2 /* DateFormattingTests */ = {
			isa = PBXGroup;
			children = (
				8CB64C9224808CEE007C07F2 /* DateFormattingTests.swift */,
				8CB64C9424808CEE007C07F2 /* Info.plist */,
			);
			path = DateFormattingTests;
			sourceTree = "<group>";
		};
		8CB64C9C24808CEE007C07F2 /* DateFormattingUITests */ = {
			isa = PBXGroup;
			children = (
				8CB64C9D24808CEE007C07F2 /* DateFormattingUITests.swift */,
				8CB64C9F24808CEE007C07F2 /* Info.plist */,
			);
			path = DateFormattingUITests;
			sourceTree = "<group>";
		};
/* End PBXGroup section */

/* Begin PBXNativeTarget section */
		8CB64C7724808CEC007C07F2 /* DateFormatting */ = {
			isa = PBXNativeTarget;
			buildConfigurationList = 8CB64CA224808CEE007C07F2 /* Build configuration list for PBXNativeTarget "DateFormatting" */;
			buildPhases = (
				8CB64C7424808CEC007C07F2 /* Sources */,
				8CB64C7524808CEC007C07F2 /* Frameworks */,
				8CB64C7624808CEC007C07F2 /* Resources */,
			);
			buildRules = (
			);
			dependencies = (
			);
			name = DateFormatting;
			productName = DateFormatting;
			productReference = 8CB64C7824808CEC007C07F2 /* DateFormatting.app */;
			productType = "com.apple.product-type.application";
		};
		8CB64C8D24808CEE007C07F2 /* DateFormattingTests */ = {
			isa = PBXNativeTarget;
			buildConfigurationList = 8CB64CA524808CEE007C07F2 /* Build configuration list for PBXNativeTarget "DateFormattingTests" */;
			buildPhases = (
				8CB64C8A24808CEE007C07F2 /* Sources */,
				8CB64C8B24808CEE007C07F2 /* Frameworks */,
				8CB64C8C24808CEE007C07F2 /* Resources */,
			);
			buildRules = (
			);
			dependencies = (
				8CB64C9024808CEE007C07F2 /* PBXTargetDependency */,
			);
			name = DateFormattingTests;
			productName = DateFormattingTests;
			productReference = 8CB64C8E24808CEE007C07F2 /* DateFormattingTests.xctest */;
			productType = "com.apple.product-type.bundle.unit-test";
		};
		8CB64C9824808CEE007C07F2 /* DateFormattingUITests */ = {
			isa = PBXNativeTarget;
			buildConfigurationList = 8CB64CA824808CEE007C07F2 /* Build configuration list for PBXNativeTarget "DateFormattingUITests" */;
			buildPhases = (
				8CB64C9524808CEE007C07F2 /* Sources */,
				8CB64C9624808CEE007C07F2 /* Frameworks */,
				8CB64C9724808CEE007C07F2 /* Resources */,
			);
			buildRules = (
			);
			dependencies = (
				8CB64C9B24808CEE007C07F2 /* PBXTargetDependency */,
			);
			name = DateFormattingUITests;
			productName = DateFormattingUITests;
			productReference = 8CB64C9924808CEE007C07F2 /* DateFormattingUITests.xctest */;
			productType = "com.apple.product-type.bundle.ui-testing";
		};
/* End PBXNativeTarget section */

/* Begin PBXProject section */
		8CB64C7024808CEC007C07F2 /* Project object */ = {
			isa = PBXProject;
			attributes = {
				LastSwiftUpdateCheck = 1150;
				LastUpgradeCheck = 1150;
				ORGANIZATIONNAME = chlee;
				TargetAttributes = {
					8CB64C7724808CEC007C07F2 = {
						CreatedOnToolsVersion = 11.5;
					};
					8CB64C8D24808CEE007C07F2 = {
						CreatedOnToolsVersion = 11.5;
						TestTargetID = 8CB64C7724808CEC007C07F2;
					};
					8CB64C9824808CEE007C07F2 = {
						CreatedOnToolsVersion = 11.5;
						TestTargetID = 8CB64C7724808CEC007C07F2;
					};
				};
			};
			buildConfigurationList = 8CB64C7324808CEC007C07F2 /* Build configuration list for PBXProject "DateFormatting" */;
			compatibilityVersion = "Xcode 9.3";
			developmentRegion = en;
			hasScannedForEncodings = 0;
			knownRegions = (
				en,
				Base,
			);
			mainGroup = 8CB64C6F24808CEC007C07F2;
			productRefGroup = 8CB64C7924808CEC007C07F2 /* Products */;
			projectDirPath = "";
			projectRoot = "";
			targets = (
				8CB64C7724808CEC007C07F2 /* DateFormatting */,
				8CB64C8D24808CEE007C07F2 /* DateFormattingTests */,
				8CB64C9824808CEE007C07F2 /* DateFormattingUITests */,
			);
		};
/* End PBXProject section */

/* Begin PBXResourcesBuildPhase section */
		8CB64C7624808CEC007C07F2 /* Resources */ = {
			isa = PBXResourcesBuildPhase;
			buildActionMask = 2147483647;
			files = (
				8CB64C8824808CED007C07F2 /* LaunchScreen.storyboard in Resources */,
				8CB64C8524808CED007C07F2 /* Preview Assets.xcassets in Resources */,
				8CB64C8224808CED007C07F2 /* Assets.xcassets in Resources */,
			);
			runOnlyForDeploymentPostprocessing = 0;
		};
		8CB64C8C24808CEE007C07F2 /* Resources */ = {
			isa = PBXResourcesBuildPhase;
			buildActionMask = 2147483647;
			files = (
			);
			runOnlyForDeploymentPostprocessing = 0;
		};
		8CB64C9724808CEE007C07F2 /* Resources */ = {
			isa = PBXResourcesBuildPhase;
			buildActionMask = 2147483647;
			files = (
			);
			runOnlyForDeploymentPostprocessing = 0;
		};
/* End PBXResourcesBuildPhase section */

/* Begin PBXSourcesBuildPhase section */
		8CB64C7424808CEC007C07F2 /* Sources */ = {
			isa = PBXSourcesBuildPhase;
			buildActionMask = 2147483647;
			files = (
				8CB64C7C24808CEC007C07F2 /* AppDelegate.swift in Sources */,
				8CB64C7E24808CEC007C07F2 /* SceneDelegate.swift in Sources */,
				8CB64C8024808CEC007C07F2 /* ContentView.swift in Sources */,
			);
			runOnlyForDeploymentPostprocessing = 0;
		};
		8CB64C8A24808CEE007C07F2 /* Sources */ = {
			isa = PBXSourcesBuildPhase;
			buildActionMask = 2147483647;
			files = (
				8CB64C9324808CEE007C07F2 /* DateFormattingTests.swift in Sources */,
			);
			runOnlyForDeploymentPostprocessing = 0;
		};
		8CB64C9524808CEE007C07F2 /* Sources */ = {
			isa = PBXSourcesBuildPhase;
			buildActionMask = 2147483647;
			files = (
				8CB64C9E24808CEE007C07F2 /* DateFormattingUITests.swift in Sources */,
			);
			runOnlyForDeploymentPostprocessing = 0;
		};
/* End PBXSourcesBuildPhase section */

/* Begin PBXTargetDependency section */
		8CB64C9024808CEE007C07F2 /* PBXTargetDependency */ = {
			isa = PBXTargetDependency;
			target = 8CB64C7724808CEC007C07F2 /* DateFormatting */;
			targetProxy = 8CB64C8F24808CEE007C07F2 /* PBXContainerItemProxy */;
		};
		8CB64C9B24808CEE007C07F2 /* PBXTargetDependency */ = {
			isa = PBXTargetDependency;
			target = 8CB64C7724808CEC007C07F2 /* DateFormatting */;
			targetProxy = 8CB64C9A24808CEE007C07F2 /* PBXContainerItemProxy */;
		};
/* End PBXTargetDependency section */

/* Begin PBXVariantGroup section */
		8CB64C8624808CED007C07F2 /* LaunchScreen.storyboard */ = {
			isa = PBXVariantGroup;
			children = (
				8CB64C8724808CED007C07F2 /* Base */,
			);
			name = LaunchScreen.storyboard;
			sourceTree = "<group>";
		};
/* End PBXVariantGroup section */

/* Begin XCBuildConfiguration section */
		8CB64CA024808CEE007C07F2 /* Debug */ = {
			isa = XCBuildConfiguration;
			buildSettings = {
				ALWAYS_SEARCH_USER_PATHS = NO;
				CLANG_ANALYZER_NONNULL = YES;
				CLANG_ANALYZER_NUMBER_OBJECT_CONVERSION = YES_AGGRESSIVE;
				CLANG_CXX_LANGUAGE_STANDARD = "gnu++14";
				CLANG_CXX_LIBRARY = "libc++";
				CLANG_ENABLE_MODULES = YES;
				CLANG_ENABLE_OBJC_ARC = YES;
				CLANG_ENABLE_OBJC_WEAK = YES;
				CLANG_WARN_BLOCK_CAPTURE_AUTORELEASING = YES;
				CLANG_WARN_BOOL_CONVERSION = YES;
				CLANG_WARN_COMMA = YES;
				CLANG_WARN_CONSTANT_CONVERSION = YES;
				CLANG_WARN_DEPRECATED_OBJC_IMPLEMENTATIONS = YES;
				CLANG_WARN_DIRECT_OBJC_ISA_USAGE = YES_ERROR;
				CLANG_WARN_DOCUMENTATION_COMMENTS = YES;
				CLANG_WARN_EMPTY_BODY = YES;
				CLANG_WARN_ENUM_CONVERSION = YES;
				CLANG_WARN_INFINITE_RECURSION = YES;
				CLANG_WARN_INT_CONVERSION = YES;
				CLANG_WARN_NON_LITERAL_NULL_CONVERSION = YES;
				CLANG_WARN_OBJC_IMPLICIT_RETAIN_SELF = YES;
				CLANG_WARN_OBJC_LITERAL_CONVERSION = YES;
				CLANG_WARN_OBJC_ROOT_CLASS = YES_ERROR;
				CLANG_WARN_RANGE_LOOP_ANALYSIS = YES;
				CLANG_WARN_STRICT_PROTOTYPES = YES;
				CLANG_WARN_SUSPICIOUS_MOVE = YES;
				CLANG_WARN_UNGUARDED_AVAILABILITY = YES_AGGRESSIVE;
				CLANG_WARN_UNREACHABLE_CODE = YES;
				CLANG_WARN__DUPLICATE_METHOD_MATCH = YES;
				COPY_PHASE_STRIP = NO;
				DEBUG_INFORMATION_FORMAT = dwarf;
				ENABLE_STRICT_OBJC_MSGSEND = YES;
				ENABLE_TESTABILITY = YES;
				GCC_C_LANGUAGE_STANDARD = gnu11;
				GCC_DYNAMIC_NO_PIC = NO;
				GCC_NO_COMMON_BLOCKS = YES;
				GCC_OPTIMIZATION_LEVEL = 0;
				GCC_PREPROCESSOR_DEFINITIONS = (
					"DEBUG=1",
					"$(inherited)",
				);
				GCC_WARN_64_TO_32_BIT_CONVERSION = YES;
				GCC_WARN_ABOUT_RETURN_TYPE = YES_ERROR;
				GCC_WARN_UNDECLARED_SELECTOR = YES;
				GCC_WARN_UNINITIALIZED_AUTOS = YES_AGGRESSIVE;
				GCC_WARN_UNUSED_FUNCTION = YES;
				GCC_WARN_UNUSED_VARIABLE = YES;
				IPHONEOS_DEPLOYMENT_TARGET = 13.5;
				MTL_ENABLE_DEBUG_INFO = INCLUDE_SOURCE;
				MTL_FAST_MATH = YES;
				ONLY_ACTIVE_ARCH = YES;
				SDKROOT = iphoneos;
				SWIFT_ACTIVE_COMPILATION_CONDITIONS = DEBUG;
				SWIFT_OPTIMIZATION_LEVEL = "-Onone";
			};
			name = Debug;
		};
		8CB64CA124808CEE007C07F2 /* Release */ = {
			isa = XCBuildConfiguration;
			buildSettings = {
				ALWAYS_SEARCH_USER_PATHS = NO;
				CLANG_ANALYZER_NONNULL = YES;
				CLANG_ANALYZER_NUMBER_OBJECT_CONVERSION = YES_AGGRESSIVE;
				CLANG_CXX_LANGUAGE_STANDARD = "gnu++14";
				CLANG_CXX_LIBRARY = "libc++";
				CLANG_ENABLE_MODULES = YES;
				CLANG_ENABLE_OBJC_ARC = YES;
				CLANG_ENABLE_OBJC_WEAK = YES;
				CLANG_WARN_BLOCK_CAPTURE_AUTORELEASING = YES;
				CLANG_WARN_BOOL_CONVERSION = YES;
				CLANG_WARN_COMMA = YES;
				CLANG_WARN_CONSTANT_CONVERSION = YES;
				CLANG_WARN_DEPRECATED_OBJC_IMPLEMENTATIONS = YES;
				CLANG_WARN_DIRECT_OBJC_ISA_USAGE = YES_ERROR;
				CLANG_WARN_DOCUMENTATION_COMMENTS = YES;
				CLANG_WARN_EMPTY_BODY = YES;
				CLANG_WARN_ENUM_CONVERSION = YES;
				CLANG_WARN_INFINITE_RECURSION = YES;
				CLANG_WARN_INT_CONVERSION = YES;
				CLANG_WARN_NON_LITERAL_NULL_CONVERSION = YES;
				CLANG_WARN_OBJC_IMPLICIT_RETAIN_SELF = YES;
				CLANG_WARN_OBJC_LITERAL_CONVERSION = YES;
				CLANG_WARN_OBJC_ROOT_CLASS = YES_ERROR;
				CLANG_WARN_RANGE_LOOP_ANALYSIS = YES;
				CLANG_WARN_STRICT_PROTOTYPES = YES;
				CLANG_WARN_SUSPICIOUS_MOVE = YES;
				CLANG_WARN_UNGUARDED_AVAILABILITY = YES_AGGRESSIVE;
				CLANG_WARN_UNREACHABLE_CODE = YES;
				CLANG_WARN__DUPLICATE_METHOD_MATCH = YES;
				COPY_PHASE_STRIP = NO;
				DEBUG_INFORMATION_FORMAT = "dwarf-with-dsym";
				ENABLE_NS_ASSERTIONS = NO;
				ENABLE_STRICT_OBJC_MSGSEND = YES;
				GCC_C_LANGUAGE_STANDARD = gnu11;
				GCC_NO_COMMON_BLOCKS = YES;
				GCC_WARN_64_TO_32_BIT_CONVERSION = YES;
				GCC_WARN_ABOUT_RETURN_TYPE = YES_ERROR;
				GCC_WARN_UNDECLARED_SELECTOR = YES;
				GCC_WARN_UNINITIALIZED_AUTOS = YES_AGGRESSIVE;
				GCC_WARN_UNUSED_FUNCTION = YES;
				GCC_WARN_UNUSED_VARIABLE = YES;
				IPHONEOS_DEPLOYMENT_TARGET = 13.5;
				MTL_ENABLE_DEBUG_INFO = NO;
				MTL_FAST_MATH = YES;
				SDKROOT = iphoneos;
				SWIFT_COMPILATION_MODE = wholemodule;
				SWIFT_OPTIMIZATION_LEVEL = "-O";
				VALIDATE_PRODUCT = YES;
			};
			name = Release;
		};
		8CB64CA324808CEE007C07F2 /* Debug */ = {
			isa = XCBuildConfiguration;
			buildSettings = {
				ASSETCATALOG_COMPILER_APPICON_NAME = AppIcon;
				CODE_SIGN_STYLE = Automatic;
				DEVELOPMENT_ASSET_PATHS = "\"DateFormatting/Preview Content\"";
				DEVELOPMENT_TEAM = J8647L48BZ;
				ENABLE_PREVIEWS = YES;
				INFOPLIST_FILE = DateFormatting/Info.plist;
				LD_RUNPATH_SEARCH_PATHS = (
					"$(inherited)",
					"@executable_path/Frameworks",
				);
				PRODUCT_BUNDLE_IDENTIFIER = g.DateFormatting;
				PRODUCT_NAME = "$(TARGET_NAME)";
				SWIFT_VERSION = 5.0;
				TARGETED_DEVICE_FAMILY = "1,2";
			};
			name = Debug;
		};
		8CB64CA424808CEE007C07F2 /* Release */ = {
			isa = XCBuildConfiguration;
			buildSettings = {
				ASSETCATALOG_COMPILER_APPICON_NAME = AppIcon;
				CODE_SIGN_STYLE = Automatic;
				DEVELOPMENT_ASSET_PATHS = "\"DateFormatting/Preview Content\"";
				DEVELOPMENT_TEAM = J8647L48BZ;
				ENABLE_PREVIEWS = YES;
				INFOPLIST_FILE = DateFormatting/Info.plist;
				LD_RUNPATH_SEARCH_PATHS = (
					"$(inherited)",
					"@executable_path/Frameworks",
				);
				PRODUCT_BUNDLE_IDENTIFIER = g.DateFormatting;
				PRODUCT_NAME = "$(TARGET_NAME)";
				SWIFT_VERSION = 5.0;
				TARGETED_DEVICE_FAMILY = "1,2";
			};
			name = Release;
		};
		8CB64CA624808CEE007C07F2 /* Debug */ = {
			isa = XCBuildConfiguration;
			buildSettings = {
				ALWAYS_EMBED_SWIFT_STANDARD_LIBRARIES = YES;
				BUNDLE_LOADER = "$(TEST_HOST)";
				CODE_SIGN_STYLE = Automatic;
				DEVELOPMENT_TEAM = J8647L48BZ;
				INFOPLIST_FILE = DateFormattingTests/Info.plist;
				IPHONEOS_DEPLOYMENT_TARGET = 13.5;
				LD_RUNPATH_SEARCH_PATHS = (
					"$(inherited)",
					"@executable_path/Frameworks",
					"@loader_path/Frameworks",
				);
				PRODUCT_BUNDLE_IDENTIFIER = g.DateFormattingTests;
				PRODUCT_NAME = "$(TARGET_NAME)";
				SWIFT_VERSION = 5.0;
				TARGETED_DEVICE_FAMILY = "1,2";
				TEST_HOST = "$(BUILT_PRODUCTS_DIR)/DateFormatting.app/DateFormatting";
			};
			name = Debug;
		};
		8CB64CA724808CEE007C07F2 /* Release */ = {
			isa = XCBuildConfiguration;
			buildSettings = {
				ALWAYS_EMBED_SWIFT_STANDARD_LIBRARIES = YES;
				BUNDLE_LOADER = "$(TEST_HOST)";
				CODE_SIGN_STYLE = Automatic;
				DEVELOPMENT_TEAM = J8647L48BZ;
				INFOPLIST_FILE = DateFormattingTests/Info.plist;
				IPHONEOS_DEPLOYMENT_TARGET = 13.5;
				LD_RUNPATH_SEARCH_PATHS = (
					"$(inherited)",
					"@executable_path/Frameworks",
					"@loader_path/Frameworks",
				);
				PRODUCT_BUNDLE_IDENTIFIER = g.DateFormattingTests;
				PRODUCT_NAME = "$(TARGET_NAME)";
				SWIFT_VERSION = 5.0;
				TARGETED_DEVICE_FAMILY = "1,2";
				TEST_HOST = "$(BUILT_PRODUCTS_DIR)/DateFormatting.app/DateFormatting";
			};
			name = Release;
		};
		8CB64CA924808CEE007C07F2 /* Debug */ = {
			isa = XCBuildConfiguration;
			buildSettings = {
				ALWAYS_EMBED_SWIFT_STANDARD_LIBRARIES = YES;
				CODE_SIGN_STYLE = Automatic;
				DEVELOPMENT_TEAM = J8647L48BZ;
				INFOPLIST_FILE = DateFormattingUITests/Info.plist;
				LD_RUNPATH_SEARCH_PATHS = (
					"$(inherited)",
					"@executable_path/Frameworks",
					"@loader_path/Frameworks",
				);
				PRODUCT_BUNDLE_IDENTIFIER = g.DateFormattingUITests;
				PRODUCT_NAME = "$(TARGET_NAME)";
				SWIFT_VERSION = 5.0;
				TARGETED_DEVICE_FAMILY = "1,2";
				TEST_TARGET_NAME = DateFormatting;
			};
			name = Debug;
		};
		8CB64CAA24808CEE007C07F2 /* Release */ = {
			isa = XCBuildConfiguration;
			buildSettings = {
				ALWAYS_EMBED_SWIFT_STANDARD_LIBRARIES = YES;
				CODE_SIGN_STYLE = Automatic;
				DEVELOPMENT_TEAM = J8647L48BZ;
				INFOPLIST_FILE = DateFormattingUITests/Info.plist;
				LD_RUNPATH_SEARCH_PATHS = (
					"$(inherited)",
					"@executable_path/Frameworks",
					"@loader_path/Frameworks",
				);
				PRODUCT_BUNDLE_IDENTIFIER = g.DateFormattingUITests;
				PRODUCT_NAME = "$(TARGET_NAME)";
				SWIFT_VERSION = 5.0;
				TARGETED_DEVICE_FAMILY = "1,2";
				TEST_TARGET_NAME = DateFormatting;
			};
			name = Release;
		};
/* End XCBuildConfiguration section */

/* Begin XCConfigurationList section */
		8CB64C7324808CEC007C07F2 /* Build configuration list for PBXProject "DateFormatting" */ = {
			isa = XCConfigurationList;
			buildConfigurations = (
				8CB64CA024808CEE007C07F2 /* Debug */,
				8CB64CA124808CEE007C07F2 /* Release */,
			);
			defaultConfigurationIsVisible = 0;
			defaultConfigurationName = Release;
		};
		8CB64CA224808CEE007C07F2 /* Build configuration list for PBXNativeTarget "DateFormatting" */ = {
			isa = XCConfigurationList;
			buildConfigurations = (
				8CB64CA324808CEE007C07F2 /* Debug */,
				8CB64CA424808CEE007C07F2 /* Release */,
			);
			defaultConfigurationIsVisible = 0;
			defaultConfigurationName = Release;
		};
		8CB64CA524808CEE007C07F2 /* Build configuration list for PBXNativeTarget "DateFormattingTests" */ = {
			isa = XCConfigurationList;
			buildConfigurations = (
				8CB64CA624808CEE007C07F2 /* Debug */,
				8CB64CA724808CEE007C07F2 /* Release */,
			);
			defaultConfigurationIsVisible = 0;
			defaultConfigurationName = Release;
		};
		8CB64CA824808CEE007C07F2 /* Build configuration list for PBXNativeTarget "DateFormattingUITests" */ = {
			isa = XCConfigurationList;
			buildConfigurations = (
				8CB64CA924808CEE007C07F2 /* Debug */,
				8CB64CAA24808CEE007C07F2 /* Release */,
			);
			defaultConfigurationIsVisible = 0;
			defaultConfigurationName = Release;
		};
/* End XCConfigurationList section */
	};
	rootObject = 8CB64C7024808CEC007C07F2 /* Project object */;
}
